
Microsoft Visual Studio Solution File, Format Version 12.00
# Visual Studio Version 16
VisualStudioVersion = 16.0.29728.190
MinimumVisualStudioVersion = 10.0.40219.1
Project("{FAE04EC0-301F-11D3-BF4B-00C04F79EFBC}") = "eCommerce.Mobile.Android", "eCommerce.Mobile\eCommerce.Mobile.Android\eCommerce.Mobile.Android.csproj", "{81B06C71-7418-4ACF-8FE8-B5A599E8DCA8}"
EndProject
Project("{FAE04EC0-301F-11D3-BF4B-00C04F79EFBC}") = "eCommerce.Mobile.iOS", "eCommerce.Mobile\eCommerce.Mobile.iOS\eCommerce.Mobile.iOS.csproj", "{3264AEB6-795D-45C9-ABE9-5087831BAA77}"
EndProject
Project("{9A19103F-16F7-4668-BE54-9A1E7A4F7556}") = "eCommerce.Mobile", "eCommerce.Mobile\eCommerce.Mobile\eCommerce.Mobile.csproj", "{4A7F252C-6DF1-419F-BE72-677D0060E571}"
EndProject
Project("{2150E333-8FDC-42A3-9474-1A3956D46DE8}") = "Web", "Web", "{1C2FE3EA-B7D6-4669-A608-BD0A6502324E}"
EndProject
Project("{FAE04EC0-301F-11D3-BF4B-00C04F79EFBC}") = "ECommerce.Web", "ECommerce.Web\ECommerce.Web.csproj", "{1A9D082D-8618-4415-8140-17F8B10657DC}"
EndProject
Project("{2150E333-8FDC-42A3-9474-1A3956D46DE8}") = "Mobile", "Mobile", "{632E51BB-7E22-4A93-84E1-C25A42EE7C35}"
EndProject
Project("{FAE04EC0-301F-11D3-BF4B-00C04F79EFBC}") = "eCommerce.Xamarin.Android", "eCommerce.Xamarin\eCommerce.Xamarin.Android\eCommerce.Xamarin.Android.csproj", "{0BEFF1BE-F557-4E3D-B533-73B48AA4B0A4}"
EndProject
Project("{FAE04EC0-301F-11D3-BF4B-00C04F79EFBC}") = "eCommerce.Xamarin.iOS", "eCommerce.Xamarin\eCommerce.Xamarin.iOS\eCommerce.Xamarin.iOS.csproj", "{F624781C-5287-4275-B4EF-C64DB79E8A13}"
EndProject
Project("{FAE04EC0-301F-11D3-BF4B-00C04F79EFBC}") = "eCommerce.Xamarin", "eCommerce.Xamarin\eCommerce.Xamarin\eCommerce.Xamarin.csproj", "{17169F1F-3EB0-4353-BFA7-214EEB2E978B}"
EndProject
Global
	GlobalSection(SolutionConfigurationPlatforms) = preSolution
		Debug|Any CPU = Debug|Any CPU
		Debug|iPhone = Debug|iPhone
		Debug|iPhoneSimulator = Debug|iPhoneSimulator
		Release|Any CPU = Release|Any CPU
		Release|iPhone = Release|iPhone
		Release|iPhoneSimulator = Release|iPhoneSimulator
	EndGlobalSection
	GlobalSection(ProjectConfigurationPlatforms) = postSolution
		{81B06C71-7418-4ACF-8FE8-B5A599E8DCA8}.Debug|Any CPU.ActiveCfg = Debug|Any CPU
		{81B06C71-7418-4ACF-8FE8-B5A599E8DCA8}.Debug|Any CPU.Build.0 = Debug|Any CPU
		{81B06C71-7418-4ACF-8FE8-B5A599E8DCA8}.Debug|Any CPU.Deploy.0 = Debug|Any CPU
		{81B06C71-7418-4ACF-8FE8-B5A599E8DCA8}.Debug|iPhone.ActiveCfg = Debug|Any CPU
		{81B06C71-7418-4ACF-8FE8-B5A599E8DCA8}.Debug|iPhone.Build.0 = Debug|Any CPU
		{81B06C71-7418-4ACF-8FE8-B5A599E8DCA8}.Debug|iPhone.Deploy.0 = Debug|Any CPU
		{81B06C71-7418-4ACF-8FE8-B5A599E8DCA8}.Debug|iPhoneSimulator.ActiveCfg = Debug|Any CPU
		{81B06C71-7418-4ACF-8FE8-B5A599E8DCA8}.Debug|iPhoneSimulator.Build.0 = Debug|Any CPU
		{81B06C71-7418-4ACF-8FE8-B5A599E8DCA8}.Debug|iPhoneSimulator.Deploy.0 = Debug|Any CPU
		{81B06C71-7418-4ACF-8FE8-B5A599E8DCA8}.Release|Any CPU.ActiveCfg = Release|Any CPU
		{81B06C71-7418-4ACF-8FE8-B5A599E8DCA8}.Release|Any CPU.Build.0 = Release|Any CPU
		{81B06C71-7418-4ACF-8FE8-B5A599E8DCA8}.Release|Any CPU.Deploy.0 = Release|Any CPU
		{81B06C71-7418-4ACF-8FE8-B5A599E8DCA8}.Release|iPhone.ActiveCfg = Release|Any CPU
		{81B06C71-7418-4ACF-8FE8-B5A599E8DCA8}.Release|iPhone.Build.0 = Release|Any CPU
		{81B06C71-7418-4ACF-8FE8-B5A599E8DCA8}.Release|iPhone.Deploy.0 = Release|Any CPU
		{81B06C71-7418-4ACF-8FE8-B5A599E8DCA8}.Release|iPhoneSimulator.ActiveCfg = Release|Any CPU
		{81B06C71-7418-4ACF-8FE8-B5A599E8DCA8}.Release|iPhoneSimulator.Build.0 = Release|Any CPU
		{81B06C71-7418-4ACF-8FE8-B5A599E8DCA8}.Release|iPhoneSimulator.Deploy.0 = Release|Any CPU
		{3264AEB6-795D-45C9-ABE9-5087831BAA77}.Debug|Any CPU.ActiveCfg = Debug|iPhoneSimulator
		{3264AEB6-795D-45C9-ABE9-5087831BAA77}.Debug|Any CPU.Build.0 = Debug|iPhoneSimulator
		{3264AEB6-795D-45C9-ABE9-5087831BAA77}.Debug|Any CPU.Deploy.0 = Debug|iPhoneSimulator
		{3264AEB6-795D-45C9-ABE9-5087831BAA77}.Debug|iPhone.ActiveCfg = Debug|iPhone
		{3264AEB6-795D-45C9-ABE9-5087831BAA77}.Debug|iPhone.Build.0 = Debug|iPhone
		{3264AEB6-795D-45C9-ABE9-5087831BAA77}.Debug|iPhone.Deploy.0 = Debug|iPhone
		{3264AEB6-795D-45C9-ABE9-5087831BAA77}.Debug|iPhoneSimulator.ActiveCfg = Debug|iPhoneSimulator
		{3264AEB6-795D-45C9-ABE9-5087831BAA77}.Debug|iPhoneSimulator.Build.0 = Debug|iPhoneSimulator
		{3264AEB6-795D-45C9-ABE9-5087831BAA77}.Debug|iPhoneSimulator.Deploy.0 = Debug|iPhoneSimulator
		{3264AEB6-795D-45C9-ABE9-5087831BAA77}.Release|Any CPU.ActiveCfg = Release|iPhone
		{3264AEB6-795D-45C9-ABE9-5087831BAA77}.Release|Any CPU.Build.0 = Release|iPhone
		{3264AEB6-795D-45C9-ABE9-5087831BAA77}.Release|Any CPU.Deploy.0 = Release|iPhone
		{3264AEB6-795D-45C9-ABE9-5087831BAA77}.Release|iPhone.ActiveCfg = Release|iPhone
		{3264AEB6-795D-45C9-ABE9-5087831BAA77}.Release|iPhone.Build.0 = Release|iPhone
		{3264AEB6-795D-45C9-ABE9-5087831BAA77}.Release|iPhone.Deploy.0 = Release|iPhone
		{3264AEB6-795D-45C9-ABE9-5087831BAA77}.Release|iPhoneSimulator.ActiveCfg = Release|iPhoneSimulator
		{3264AEB6-795D-45C9-ABE9-5087831BAA77}.Release|iPhoneSimulator.Build.0 = Release|iPhoneSimulator
		{3264AEB6-795D-45C9-ABE9-5087831BAA77}.Release|iPhoneSimulator.Deploy.0 = Release|iPhoneSimulator
		{4A7F252C-6DF1-419F-BE72-677D0060E571}.Debug|Any CPU.ActiveCfg = Debug|Any CPU
		{4A7F252C-6DF1-419F-BE72-677D0060E571}.Debug|Any CPU.Build.0 = Debug|Any CPU
		{4A7F252C-6DF1-419F-BE72-677D0060E571}.Debug|Any CPU.Deploy.0 = Debug|Any CPU
		{4A7F252C-6DF1-419F-BE72-677D0060E571}.Debug|iPhone.ActiveCfg = Debug|Any CPU
		{4A7F252C-6DF1-419F-BE72-677D0060E571}.Debug|iPhone.Build.0 = Debug|Any CPU
		{4A7F252C-6DF1-419F-BE72-677D0060E571}.Debug|iPhone.Deploy.0 = Debug|Any CPU
		{4A7F252C-6DF1-419F-BE72-677D0060E571}.Debug|iPhoneSimulator.ActiveCfg = Debug|Any CPU
		{4A7F252C-6DF1-419F-BE72-677D0060E571}.Debug|iPhoneSimulator.Build.0 = Debug|Any CPU
		{4A7F252C-6DF1-419F-BE72-677D0060E571}.Debug|iPhoneSimulator.Deploy.0 = Debug|Any CPU
		{4A7F252C-6DF1-419F-BE72-677D0060E571}.Release|Any CPU.ActiveCfg = Release|Any CPU
		{4A7F252C-6DF1-419F-BE72-677D0060E571}.Release|Any CPU.Build.0 = Release|Any CPU
		{4A7F252C-6DF1-419F-BE72-677D0060E571}.Release|Any CPU.Deploy.0 = Release|Any CPU
		{4A7F252C-6DF1-419F-BE72-677D0060E571}.Release|iPhone.ActiveCfg = Release|Any CPU
		{4A7F252C-6DF1-419F-BE72-677D0060E571}.Release|iPhone.Build.0 = Release|Any CPU
		{4A7F252C-6DF1-419F-BE72-677D0060E571}.Release|iPhone.Deploy.0 = Release|Any CPU
		{4A7F252C-6DF1-419F-BE72-677D0060E571}.Release|iPhoneSimulator.ActiveCfg = Release|Any CPU
		{4A7F252C-6DF1-419F-BE72-677D0060E571}.Release|iPhoneSimulator.Build.0 = Release|Any CPU
		{4A7F252C-6DF1-419F-BE72-677D0060E571}.Release|iPhoneSimulator.Deploy.0 = Release|Any CPU
		{1A9D082D-8618-4415-8140-17F8B10657DC}.Debug|Any CPU.ActiveCfg = Debug|Any CPU
		{1A9D082D-8618-4415-8140-17F8B10657DC}.Debug|Any CPU.Build.0 = Debug|Any CPU
		{1A9D082D-8618-4415-8140-17F8B10657DC}.Debug|iPhone.ActiveCfg = Debug|Any CPU
		{1A9D082D-8618-4415-8140-17F8B10657DC}.Debug|iPhone.Build.0 = Debug|Any CPU
		{1A9D082D-8618-4415-8140-17F8B10657DC}.Debug|iPhoneSimulator.ActiveCfg = Debug|Any CPU
		{1A9D082D-8618-4415-8140-17F8B10657DC}.Debug|iPhoneSimulator.Build.0 = Debug|Any CPU
		{1A9D082D-8618-4415-8140-17F8B10657DC}.Release|Any CPU.ActiveCfg = Release|Any CPU
		{1A9D082D-8618-4415-8140-17F8B10657DC}.Release|Any CPU.Build.0 = Release|Any CPU
		{1A9D082D-8618-4415-8140-17F8B10657DC}.Release|iPhone.ActiveCfg = Release|Any CPU
		{1A9D082D-8618-4415-8140-17F8B10657DC}.Release|iPhone.Build.0 = Release|Any CPU
		{1A9D082D-8618-4415-8140-17F8B10657DC}.Release|iPhoneSimulator.ActiveCfg = Release|Any CPU
		{1A9D082D-8618-4415-8140-17F8B10657DC}.Release|iPhoneSimulator.Build.0 = Release|Any CPU
		{0BEFF1BE-F557-4E3D-B533-73B48AA4B0A4}.Debug|Any CPU.ActiveCfg = Debug|Any CPU
		{0BEFF1BE-F557-4E3D-B533-73B48AA4B0A4}.Debug|Any CPU.Build.0 = Debug|Any CPU
		{0BEFF1BE-F557-4E3D-B533-73B48AA4B0A4}.Debug|Any CPU.Deploy.0 = Debug|Any CPU
		{0BEFF1BE-F557-4E3D-B533-73B48AA4B0A4}.Debug|iPhone.ActiveCfg = Debug|Any CPU
		{0BEFF1BE-F557-4E3D-B533-73B48AA4B0A4}.Debug|iPhone.Build.0 = Debug|Any CPU
		{0BEFF1BE-F557-4E3D-B533-73B48AA4B0A4}.Debug|iPhone.Deploy.0 = Debug|Any CPU
		{0BEFF1BE-F557-4E3D-B533-73B48AA4B0A4}.Debug|iPhoneSimulator.ActiveCfg = Debug|Any CPU
		{0BEFF1BE-F557-4E3D-B533-73B48AA4B0A4}.Debug|iPhoneSimulator.Build.0 = Debug|Any CPU
		{0BEFF1BE-F557-4E3D-B533-73B48AA4B0A4}.Debug|iPhoneSimulator.Deploy.0 = Debug|Any CPU
		{0BEFF1BE-F557-4E3D-B533-73B48AA4B0A4}.Release|Any CPU.ActiveCfg = Release|Any CPU
		{0BEFF1BE-F557-4E3D-B533-73B48AA4B0A4}.Release|Any CPU.Build.0 = Release|Any CPU
		{0BEFF1BE-F557-4E3D-B533-73B48AA4B0A4}.Release|Any CPU.Deploy.0 = Release|Any CPU
		{0BEFF1BE-F557-4E3D-B533-73B48AA4B0A4}.Release|iPhone.ActiveCfg = Release|Any CPU
		{0BEFF1BE-F557-4E3D-B533-73B48AA4B0A4}.Release|iPhone.Build.0 = Release|Any CPU
		{0BEFF1BE-F557-4E3D-B533-73B48AA4B0A4}.Release|iPhone.Deploy.0 = Release|Any CPU
		{0BEFF1BE-F557-4E3D-B533-73B48AA4B0A4}.Release|iPhoneSimulator.ActiveCfg = Release|Any CPU
		{0BEFF1BE-F557-4E3D-B533-73B48AA4B0A4}.Release|iPhoneSimulator.Build.0 = Release|Any CPU
		{0BEFF1BE-F557-4E3D-B533-73B48AA4B0A4}.Release|iPhoneSimulator.Deploy.0 = Release|Any CPU
		{F624781C-5287-4275-B4EF-C64DB79E8A13}.Debug|Any CPU.ActiveCfg = Debug|iPhone
		{F624781C-5287-4275-B4EF-C64DB79E8A13}.Debug|iPhone.ActiveCfg = Debug|iPhone
		{F624781C-5287-4275-B4EF-C64DB79E8A13}.Debug|iPhone.Build.0 = Debug|iPhone
		{F624781C-5287-4275-B4EF-C64DB79E8A13}.Debug|iPhoneSimulator.ActiveCfg = Debug|iPhoneSimulator
		{F624781C-5287-4275-B4EF-C64DB79E8A13}.Debug|iPhoneSimulator.Build.0 = Debug|iPhoneSimulator
		{F624781C-5287-4275-B4EF-C64DB79E8A13}.Release|Any CPU.ActiveCfg = Release|iPhone
		{F624781C-5287-4275-B4EF-C64DB79E8A13}.Release|iPhone.ActiveCfg = Release|iPhone
		{F624781C-5287-4275-B4EF-C64DB79E8A13}.Release|iPhone.Build.0 = Release|iPhone
		{F624781C-5287-4275-B4EF-C64DB79E8A13}.Release|iPhoneSimulator.ActiveCfg = Release|iPhoneSimulator
		{F624781C-5287-4275-B4EF-C64DB79E8A13}.Release|iPhoneSimulator.Build.0 = Release|iPhoneSimulator
		{17169F1F-3EB0-4353-BFA7-214EEB2E978B}.Debug|Any CPU.ActiveCfg = Debug|Any CPU
		{17169F1F-3EB0-4353-BFA7-214EEB2E978B}.Debug|Any CPU.Build.0 = Debug|Any CPU
		{17169F1F-3EB0-4353-BFA7-214EEB2E978B}.Debug|iPhone.ActiveCfg = Debug|Any CPU
		{17169F1F-3EB0-4353-BFA7-214EEB2E978B}.Debug|iPhone.Build.0 = Debug|Any CPU
		{17169F1F-3EB0-4353-BFA7-214EEB2E978B}.Debug|iPhoneSimulator.ActiveCfg = Debug|Any CPU
		{17169F1F-3EB0-4353-BFA7-214EEB2E978B}.Debug|iPhoneSimulator.Build.0 = Debug|Any CPU
		{17169F1F-3EB0-4353-BFA7-214EEB2E978B}.Release|Any CPU.ActiveCfg = Release|Any CPU
		{17169F1F-3EB0-4353-BFA7-214EEB2E978B}.Release|Any CPU.Build.0 = Release|Any CPU
		{17169F1F-3EB0-4353-BFA7-214EEB2E978B}.Release|iPhone.ActiveCfg = Release|Any CPU
		{17169F1F-3EB0-4353-BFA7-214EEB2E978B}.Release|iPhone.Build.0 = Release|Any CPU
		{17169F1F-3EB0-4353-BFA7-214EEB2E978B}.Release|iPhoneSimulator.ActiveCfg = Release|Any CPU
		{17169F1F-3EB0-4353-BFA7-214EEB2E978B}.Release|iPhoneSimulator.Build.0 = Release|Any CPU
	EndGlobalSection
	GlobalSection(SolutionProperties) = preSolution
		HideSolutionNode = FALSE
	EndGlobalSection
	GlobalSection(NestedProjects) = preSolution
		{1A9D082D-8618-4415-8140-17F8B10657DC} = {1C2FE3EA-B7D6-4669-A608-BD0A6502324E}
		{0BEFF1BE-F557-4E3D-B533-73B48AA4B0A4} = {632E51BB-7E22-4A93-84E1-C25A42EE7C35}
		{F624781C-5287-4275-B4EF-C64DB79E8A13} = {632E51BB-7E22-4A93-84E1-C25A42EE7C35}
		{17169F1F-3EB0-4353-BFA7-214EEB2E978B} = {632E51BB-7E22-4A93-84E1-C25A42EE7C35}
	EndGlobalSection
	GlobalSection(ExtensibilityGlobals) = postSolution
		SolutionGuid = {D331BA6E-61A2-4D8F-88F3-46ECB3D9F7B8}
	EndGlobalSection
EndGlobal
